// !$*UTF8*$!
{
	archiveVersion = 1;
	classes = {
	};
	objectVersion = 56;
	objects = {

/* Begin PBXBuildFile section */
		5C04A17FA68268CFBA3E3489 /* Pods_test_testUITests.framework in Frameworks */ = {isa = PBXBuildFile; fileRef = 7CF98B041266A084518CE551 /* Pods_test_testUITests.framework */; };
		D69C3F9D2938DD0200EDBE29 /* AppDelegate.swift in Sources */ = {isa = PBXBuildFile; fileRef = D69C3F9C2938DD0200EDBE29 /* AppDelegate.swift */; };
		D69C3F9F2938DD0200EDBE29 /* SceneDelegate.swift in Sources */ = {isa = PBXBuildFile; fileRef = D69C3F9E2938DD0200EDBE29 /* SceneDelegate.swift */; };
		D69C3FA12938DD0200EDBE29 /* ViewController.swift in Sources */ = {isa = PBXBuildFile; fileRef = D69C3FA02938DD0200EDBE29 /* ViewController.swift */; };
		D69C3FA42938DD0200EDBE29 /* Main.storyboard in Resources */ = {isa = PBXBuildFile; fileRef = D69C3FA22938DD0200EDBE29 /* Main.storyboard */; };
		D69C3FA62938DD0400EDBE29 /* Assets.xcassets in Resources */ = {isa = PBXBuildFile; fileRef = D69C3FA52938DD0400EDBE29 /* Assets.xcassets */; };
		D69C3FA92938DD0400EDBE29 /* LaunchScreen.storyboard in Resources */ = {isa = PBXBuildFile; fileRef = D69C3FA72938DD0400EDBE29 /* LaunchScreen.storyboard */; };
		D69C3FB42938DD0500EDBE29 /* testTests.swift in Sources */ = {isa = PBXBuildFile; fileRef = D69C3FB32938DD0500EDBE29 /* testTests.swift */; };
		D69C3FBE2938DD0500EDBE29 /* testUITests.swift in Sources */ = {isa = PBXBuildFile; fileRef = D69C3FBD2938DD0500EDBE29 /* testUITests.swift */; };
		D69C3FC02938DD0500EDBE29 /* testUITestsLaunchTests.swift in Sources */ = {isa = PBXBuildFile; fileRef = D69C3FBF2938DD0500EDBE29 /* testUITestsLaunchTests.swift */; };
		DAE02D5A98BA4CECF551A647 /* Pods_test.framework in Frameworks */ = {isa = PBXBuildFile; fileRef = 3CEC1430AF18F31F67001BD3 /* Pods_test.framework */; };
		FAAEAF6ADFD5860E06B6232B /* Pods_testTests.framework in Frameworks */ = {isa = PBXBuildFile; fileRef = 7304F6FB3F0587D7175D93EB /* Pods_testTests.framework */; };
/* End PBXBuildFile section */

/* Begin PBXContainerItemProxy section */
		D69C3FB02938DD0500EDBE29 /* PBXContainerItemProxy */ = {
			isa = PBXContainerItemProxy;
			containerPortal = D69C3F912938DD0200EDBE29 /* Project object */;
			proxyType = 1;
			remoteGlobalIDString = D69C3F982938DD0200EDBE29;
			remoteInfo = test;
		};
		D69C3FBA2938DD0500EDBE29 /* PBXContainerItemProxy */ = {
			isa = PBXContainerItemProxy;
			containerPortal = D69C3F912938DD0200EDBE29 /* Project object */;
			proxyType = 1;
			remoteGlobalIDString = D69C3F982938DD0200EDBE29;
			remoteInfo = test;
		};
/* End PBXContainerItemProxy section */

/* Begin PBXFileReference section */
		16CDF03F211E84DD51B88FE5 /* Pods-testTests.release.xcconfig */ = {isa = PBXFileReference; includeInIndex = 1; lastKnownFileType = text.xcconfig; name = "Pods-testTests.release.xcconfig"; path = "Target Support Files/Pods-testTests/Pods-testTests.release.xcconfig"; sourceTree = "<group>"; };
		3CEC1430AF18F31F67001BD3 /* Pods_test.framework */ = {isa = PBXFileReference; explicitFileType = wrapper.framework; includeInIndex = 0; path = Pods_test.framework; sourceTree = BUILT_PRODUCTS_DIR; };
		656B6682FD1D31C8FBA062A7 /* Pods-test.release.xcconfig */ = {isa = PBXFileReference; includeInIndex = 1; lastKnownFileType = text.xcconfig; name = "Pods-test.release.xcconfig"; path = "Target Support Files/Pods-test/Pods-test.release.xcconfig"; sourceTree = "<group>"; };
		677FAAD5B7B5130867822F4A /* Pods-test-testUITests.debug.xcconfig */ = {isa = PBXFileReference; includeInIndex = 1; lastKnownFileType = text.xcconfig; name = "Pods-test-testUITests.debug.xcconfig"; path = "Target Support Files/Pods-test-testUITests/Pods-test-testUITests.debug.xcconfig"; sourceTree = "<group>"; };
		7304F6FB3F0587D7175D93EB /* Pods_testTests.framework */ = {isa = PBXFileReference; explicitFileType = wrapper.framework; includeInIndex = 0; path = Pods_testTests.framework; sourceTree = BUILT_PRODUCTS_DIR; };
		7CF98B041266A084518CE551 /* Pods_test_testUITests.framework */ = {isa = PBXFileReference; explicitFileType = wrapper.framework; includeInIndex = 0; path = Pods_test_testUITests.framework; sourceTree = BUILT_PRODUCTS_DIR; };
		9672341548444DB83139B6B6 /* Pods-testTests.debug.xcconfig */ = {isa = PBXFileReference; includeInIndex = 1; lastKnownFileType = text.xcconfig; name = "Pods-testTests.debug.xcconfig"; path = "Target Support Files/Pods-testTests/Pods-testTests.debug.xcconfig"; sourceTree = "<group>"; };
		B376FD89FC8FBEB6C129EB4F /* Pods-test.debug.xcconfig */ = {isa = PBXFileReference; includeInIndex = 1; lastKnownFileType = text.xcconfig; name = "Pods-test.debug.xcconfig"; path = "Target Support Files/Pods-test/Pods-test.debug.xcconfig"; sourceTree = "<group>"; };
		D69C3F992938DD0200EDBE29 /* test.app */ = {isa = PBXFileReference; explicitFileType = wrapper.application; includeInIndex = 0; path = test.app; sourceTree = BUILT_PRODUCTS_DIR; };
		D69C3F9C2938DD0200EDBE29 /* AppDelegate.swift */ = {isa = PBXFileReference; lastKnownFileType = sourcecode.swift; path = AppDelegate.swift; sourceTree = "<group>"; };
		D69C3F9E2938DD0200EDBE29 /* SceneDelegate.swift */ = {isa = PBXFileReference; lastKnownFileType = sourcecode.swift; path = SceneDelegate.swift; sourceTree = "<group>"; };
		D69C3FA02938DD0200EDBE29 /* ViewController.swift */ = {isa = PBXFileReference; lastKnownFileType = sourcecode.swift; path = ViewController.swift; sourceTree = "<group>"; };
		D69C3FA32938DD0200EDBE29 /* Base */ = {isa = PBXFileReference; lastKnownFileType = file.storyboard; name = Base; path = Base.lproj/Main.storyboard; sourceTree = "<group>"; };
		D69C3FA52938DD0400EDBE29 /* Assets.xcassets */ = {isa = PBXFileReference; lastKnownFileType = folder.assetcatalog; path = Assets.xcassets; sourceTree = "<group>"; };
		D69C3FA82938DD0400EDBE29 /* Base */ = {isa = PBXFileReference; lastKnownFileType = file.storyboard; name = Base; path = Base.lproj/LaunchScreen.storyboard; sourceTree = "<group>"; };
		D69C3FAA2938DD0400EDBE29 /* Info.plist */ = {isa = PBXFileReference; lastKnownFileType = text.plist.xml; path = Info.plist; sourceTree = "<group>"; };
		D69C3FAF2938DD0500EDBE29 /* testTests.xctest */ = {isa = PBXFileReference; explicitFileType = wrapper.cfbundle; includeInIndex = 0; path = testTests.xctest; sourceTree = BUILT_PRODUCTS_DIR; };
		D69C3FB32938DD0500EDBE29 /* testTests.swift */ = {isa = PBXFileReference; lastKnownFileType = sourcecode.swift; path = testTests.swift; sourceTree = "<group>"; };
		D69C3FB92938DD0500EDBE29 /* testUITests.xctest */ = {isa = PBXFileReference; explicitFileType = wrapper.cfbundle; includeInIndex = 0; path = testUITests.xctest; sourceTree = BUILT_PRODUCTS_DIR; };
		D69C3FBD2938DD0500EDBE29 /* testUITests.swift */ = {isa = PBXFileReference; lastKnownFileType = sourcecode.swift; path = testUITests.swift; sourceTree = "<group>"; };
		D69C3FBF2938DD0500EDBE29 /* testUITestsLaunchTests.swift */ = {isa = PBXFileReference; lastKnownFileType = sourcecode.swift; path = testUITestsLaunchTests.swift; sourceTree = "<group>"; };
		E05686652CE030AE0FFED3ED /* Pods-test-testUITests.release.xcconfig */ = {isa = PBXFileReference; includeInIndex = 1; lastKnownFileType = text.xcconfig; name = "Pods-test-testUITests.release.xcconfig"; path = "Target Support Files/Pods-test-testUITests/Pods-test-testUITests.release.xcconfig"; sourceTree = "<group>"; };
/* End PBXFileReference section */

/* Begin PBXFrameworksBuildPhase section */
		D69C3F962938DD0200EDBE29 /* Frameworks */ = {
			isa = PBXFrameworksBuildPhase;
			buildActionMask = 2147483647;
			files = (
				DAE02D5A98BA4CECF551A647 /* Pods_test.framework in Frameworks */,
			);
			runOnlyForDeploymentPostprocessing = 0;
		};
		D69C3FAC2938DD0500EDBE29 /* Frameworks */ = {
			isa = PBXFrameworksBuildPhase;
			buildActionMask = 2147483647;
			files = (
				FAAEAF6ADFD5860E06B6232B /* Pods_testTests.framework in Frameworks */,
			);
			runOnlyForDeploymentPostprocessing = 0;
		};
		D69C3FB62938DD0500EDBE29 /* Frameworks */ = {
			isa = PBXFrameworksBuildPhase;
			buildActionMask = 2147483647;
			files = (
				5C04A17FA68268CFBA3E3489 /* Pods_test_testUITests.framework in Frameworks */,
			);
			runOnlyForDeploymentPostprocessing = 0;
		};
/* End PBXFrameworksBuildPhase section */

/* Begin PBXGroup section */
		915F1A6A93191B13B0433397 /* Pods */ = {
			isa = PBXGroup;
			children = (
				B376FD89FC8FBEB6C129EB4F /* Pods-test.debug.xcconfig */,
				656B6682FD1D31C8FBA062A7 /* Pods-test.release.xcconfig */,
				677FAAD5B7B5130867822F4A /* Pods-test-testUITests.debug.xcconfig */,
				E05686652CE030AE0FFED3ED /* Pods-test-testUITests.release.xcconfig */,
				9672341548444DB83139B6B6 /* Pods-testTests.debug.xcconfig */,
				16CDF03F211E84DD51B88FE5 /* Pods-testTests.release.xcconfig */,
			);
			name = Pods;
			path = Pods;
			sourceTree = "<group>";
		};
		C79E7A48A787F2F7CBC80F47 /* Frameworks */ = {
			isa = PBXGroup;
			children = (
				3CEC1430AF18F31F67001BD3 /* Pods_test.framework */,
				7CF98B041266A084518CE551 /* Pods_test_testUITests.framework */,
				7304F6FB3F0587D7175D93EB /* Pods_testTests.framework */,
			);
			name = Frameworks;
			sourceTree = "<group>";
		};
		D69C3F902938DD0200EDBE29 = {
			isa = PBXGroup;
			children = (
				D69C3F9B2938DD0200EDBE29 /* test */,
				D69C3FB22938DD0500EDBE29 /* testTests */,
				D69C3FBC2938DD0500EDBE29 /* testUITests */,
				D69C3F9A2938DD0200EDBE29 /* Products */,
				915F1A6A93191B13B0433397 /* Pods */,
				C79E7A48A787F2F7CBC80F47 /* Frameworks */,
			);
			sourceTree = "<group>";
		};
		D69C3F9A2938DD0200EDBE29 /* Products */ = {
			isa = PBXGroup;
			children = (
				D69C3F992938DD0200EDBE29 /* test.app */,
				D69C3FAF2938DD0500EDBE29 /* testTests.xctest */,
				D69C3FB92938DD0500EDBE29 /* testUITests.xctest */,
			);
			name = Products;
			sourceTree = "<group>";
		};
		D69C3F9B2938DD0200EDBE29 /* test */ = {
			isa = PBXGroup;
			children = (
				D69C3F9C2938DD0200EDBE29 /* AppDelegate.swift */,
				D69C3F9E2938DD0200EDBE29 /* SceneDelegate.swift */,
				D69C3FA02938DD0200EDBE29 /* ViewController.swift */,
				D69C3FA22938DD0200EDBE29 /* Main.storyboard */,
				D69C3FA52938DD0400EDBE29 /* Assets.xcassets */,
				D69C3FA72938DD0400EDBE29 /* LaunchScreen.storyboard */,
				D69C3FAA2938DD0400EDBE29 /* Info.plist */,
			);
			path = test;
			sourceTree = "<group>";
		};
		D69C3FB22938DD0500EDBE29 /* testTests */ = {
			isa = PBXGroup;
			children = (
				D69C3FB32938DD0500EDBE29 /* testTests.swift */,
			);
			path = testTests;
			sourceTree = "<group>";
		};
		D69C3FBC2938DD0500EDBE29 /* testUITests */ = {
			isa = PBXGroup;
			children = (
				D69C3FBD2938DD0500EDBE29 /* testUITests.swift */,
				D69C3FBF2938DD0500EDBE29 /* testUITestsLaunchTests.swift */,
			);
			path = testUITests;
			sourceTree = "<group>";
		};
/* End PBXGroup section */

/* Begin PBXNativeTarget section */
		D69C3F982938DD0200EDBE29 /* test */ = {
			isa = PBXNativeTarget;
			buildConfigurationList = D69C3FC32938DD0500EDBE29 /* Build configuration list for PBXNativeTarget "test" */;
			buildPhases = (
				50B8F4FF88EF26E8DD06548B /* [CP] Check Pods Manifest.lock */,
				D69C3F952938DD0200EDBE29 /* Sources */,
				D69C3F962938DD0200EDBE29 /* Frameworks */,
				D69C3F972938DD0200EDBE29 /* Resources */,
				691D4797C92443EAF862EDEE /* [CP] Embed Pods Frameworks */,
			);
			buildRules = (
			);
			dependencies = (
			);
			name = test;
			productName = test;
			productReference = D69C3F992938DD0200EDBE29 /* test.app */;
			productType = "com.apple.product-type.application";
		};
		D69C3FAE2938DD0500EDBE29 /* testTests */ = {
			isa = PBXNativeTarget;
			buildConfigurationList = D69C3FC62938DD0500EDBE29 /* Build configuration list for PBXNativeTarget "testTests" */;
			buildPhases = (
				C4FB300340EDA86103CEA29A /* [CP] Check Pods Manifest.lock */,
				D69C3FAB2938DD0500EDBE29 /* Sources */,
				D69C3FAC2938DD0500EDBE29 /* Frameworks */,
				D69C3FAD2938DD0500EDBE29 /* Resources */,
			);
			buildRules = (
			);
			dependencies = (
				D69C3FB12938DD0500EDBE29 /* PBXTargetDependency */,
			);
			name = testTests;
			productName = testTests;
			productReference = D69C3FAF2938DD0500EDBE29 /* testTests.xctest */;
			productType = "com.apple.product-type.bundle.unit-test";
		};
		D69C3FB82938DD0500EDBE29 /* testUITests */ = {
			isa = PBXNativeTarget;
			buildConfigurationList = D69C3FC92938DD0500EDBE29 /* Build configuration list for PBXNativeTarget "testUITests" */;
			buildPhases = (
				69F88ED3B4002667FB2BD95F /* [CP] Check Pods Manifest.lock */,
				D69C3FB52938DD0500EDBE29 /* Sources */,
				D69C3FB62938DD0500EDBE29 /* Frameworks */,
				D69C3FB72938DD0500EDBE29 /* Resources */,
				A4404FB2CC53FA83F3897A92 /* [CP] Embed Pods Frameworks */,
			);
			buildRules = (
			);
			dependencies = (
				D69C3FBB2938DD0500EDBE29 /* PBXTargetDependency */,
			);
			name = testUITests;
			productName = testUITests;
			productReference = D69C3FB92938DD0500EDBE29 /* testUITests.xctest */;
			productType = "com.apple.product-type.bundle.ui-testing";
		};
/* End PBXNativeTarget section */

/* Begin PBXProject section */
		D69C3F912938DD0200EDBE29 /* Project object */ = {
			isa = PBXProject;
			attributes = {
				BuildIndependentTargetsInParallel = 1;
				LastSwiftUpdateCheck = 1400;
				LastUpgradeCheck = 1400;
				TargetAttributes = {
					D69C3F982938DD0200EDBE29 = {
						CreatedOnToolsVersion = 14.0;
					};
					D69C3FAE2938DD0500EDBE29 = {
						CreatedOnToolsVersion = 14.0;
						TestTargetID = D69C3F982938DD0200EDBE29;
					};
					D69C3FB82938DD0500EDBE29 = {
						CreatedOnToolsVersion = 14.0;
						TestTargetID = D69C3F982938DD0200EDBE29;
					};
				};
			};
			buildConfigurationList = D69C3F942938DD0200EDBE29 /* Build configuration list for PBXProject "test" */;
			compatibilityVersion = "Xcode 14.0";
			developmentRegion = en;
			hasScannedForEncodings = 0;
			knownRegions = (
				en,
				Base,
			);
			mainGroup = D69C3F902938DD0200EDBE29;
			productRefGroup = D69C3F9A2938DD0200EDBE29 /* Products */;
			projectDirPath = "";
			projectRoot = "";
			targets = (
				D69C3F982938DD0200EDBE29 /* test */,
				D69C3FAE2938DD0500EDBE29 /* testTests */,
				D69C3FB82938DD0500EDBE29 /* testUITests */,
			);
		};
/* End PBXProject section */

/* Begin PBXResourcesBuildPhase section */
		D69C3F972938DD0200EDBE29 /* Resources */ = {
			isa = PBXResourcesBuildPhase;
			buildActionMask = 2147483647;
			files = (
				D69C3FA92938DD0400EDBE29 /* LaunchScreen.storyboard in Resources */,
				D69C3FA62938DD0400EDBE29 /* Assets.xcassets in Resources */,
				D69C3FA42938DD0200EDBE29 /* Main.storyboard in Resources */,
			);
			runOnlyForDeploymentPostprocessing = 0;
		};
		D69C3FAD2938DD0500EDBE29 /* Resources */ = {
			isa = PBXResourcesBuildPhase;
			buildActionMask = 2147483647;
			files = (
			);
			runOnlyForDeploymentPostprocessing = 0;
		};
		D69C3FB72938DD0500EDBE29 /* Resources */ = {
			isa = PBXResourcesBuildPhase;
			buildActionMask = 2147483647;
			files = (
			);
			runOnlyForDeploymentPostprocessing = 0;
		};
/* End PBXResourcesBuildPhase section */

/* Begin PBXShellScriptBuildPhase section */
		50B8F4FF88EF26E8DD06548B /* [CP] Check Pods Manifest.lock */ = {
			isa = PBXShellScriptBuildPhase;
			buildActionMask = 2147483647;
			files = (
			);
			inputFileListPaths = (
			);
			inputPaths = (
				"${PODS_PODFILE_DIR_PATH}/Podfile.lock",
				"${PODS_ROOT}/Manifest.lock",
			);
			name = "[CP] Check Pods Manifest.lock";
			outputFileListPaths = (
			);
			outputPaths = (
				"$(DERIVED_FILE_DIR)/Pods-test-checkManifestLockResult.txt",
			);
			runOnlyForDeploymentPostprocessing = 0;
			shellPath = /bin/sh;
			shellScript = "diff \"${PODS_PODFILE_DIR_PATH}/Podfile.lock\" \"${PODS_ROOT}/Manifest.lock\" > /dev/null\nif [ $? != 0 ] ; then\n    # print error to STDERR\n    echo \"error: The sandbox is not in sync with the Podfile.lock. Run 'pod install' or update your CocoaPods installation.\" >&2\n    exit 1\nfi\n# This output is used by Xcode 'outputs' to avoid re-running this script phase.\necho \"SUCCESS\" > \"${SCRIPT_OUTPUT_FILE_0}\"\n";
			showEnvVarsInLog = 0;
		};
		691D4797C92443EAF862EDEE /* [CP] Embed Pods Frameworks */ = {
			isa = PBXShellScriptBuildPhase;
			buildActionMask = 2147483647;
			files = (
			);
			inputFileListPaths = (
				"${PODS_ROOT}/Target Support Files/Pods-test/Pods-test-frameworks-${CONFIGURATION}-input-files.xcfilelist",
			);
			name = "[CP] Embed Pods Frameworks";
			outputFileListPaths = (
				"${PODS_ROOT}/Target Support Files/Pods-test/Pods-test-frameworks-${CONFIGURATION}-output-files.xcfilelist",
			);
			runOnlyForDeploymentPostprocessing = 0;
			shellPath = /bin/sh;
			shellScript = "\"${PODS_ROOT}/Target Support Files/Pods-test/Pods-test-frameworks.sh\"\n";
			showEnvVarsInLog = 0;
		};
		69F88ED3B4002667FB2BD95F /* [CP] Check Pods Manifest.lock */ = {
			isa = PBXShellScriptBuildPhase;
			buildActionMask = 2147483647;
			files = (
			);
			inputFileListPaths = (
			);
			inputPaths = (
				"${PODS_PODFILE_DIR_PATH}/Podfile.lock",
				"${PODS_ROOT}/Manifest.lock",
			);
			name = "[CP] Check Pods Manifest.lock";
			outputFileListPaths = (
			);
			outputPaths = (
				"$(DERIVED_FILE_DIR)/Pods-test-testUITests-checkManifestLockResult.txt",
			);
			runOnlyForDeploymentPostprocessing = 0;
			shellPath = /bin/sh;
			shellScript = "diff \"${PODS_PODFILE_DIR_PATH}/Podfile.lock\" \"${PODS_ROOT}/Manifest.lock\" > /dev/null\nif [ $? != 0 ] ; then\n    # print error to STDERR\n    echo \"error: The sandbox is not in sync with the Podfile.lock. Run 'pod install' or update your CocoaPods installation.\" >&2\n    exit 1\nfi\n# This output is used by Xcode 'outputs' to avoid re-running this script phase.\necho \"SUCCESS\" > \"${SCRIPT_OUTPUT_FILE_0}\"\n";
			showEnvVarsInLog = 0;
		};
		A4404FB2CC53FA83F3897A92 /* [CP] Embed Pods Frameworks */ = {
			isa = PBXShellScriptBuildPhase;
			buildActionMask = 2147483647;
			files = (
			);
			inputFileListPaths = (
				"${PODS_ROOT}/Target Support Files/Pods-test-testUITests/Pods-test-testUITests-frameworks-${CONFIGURATION}-input-files.xcfilelist",
			);
			name = "[CP] Embed Pods Frameworks";
			outputFileListPaths = (
				"${PODS_ROOT}/Target Support Files/Pods-test-testUITests/Pods-test-testUITests-frameworks-${CONFIGURATION}-output-files.xcfilelist",
			);
			runOnlyForDeploymentPostprocessing = 0;
			shellPath = /bin/sh;
			shellScript = "\"${PODS_ROOT}/Target Support Files/Pods-test-testUITests/Pods-test-testUITests-frameworks.sh\"\n";
			showEnvVarsInLog = 0;
		};
		C4FB300340EDA86103CEA29A /* [CP] Check Pods Manifest.lock */ = {
			isa = PBXShellScriptBuildPhase;
			buildActionMask = 2147483647;
			files = (
			);
			inputFileListPaths = (
			);
			inputPaths = (
				"${PODS_PODFILE_DIR_PATH}/Podfile.lock",
				"${PODS_ROOT}/Manifest.lock",
			);
			name = "[CP] Check Pods Manifest.lock";
			outputFileListPaths = (
			);
			outputPaths = (
				"$(DERIVED_FILE_DIR)/Pods-testTests-checkManifestLockResult.txt",
			);
			runOnlyForDeploymentPostprocessing = 0;
			shellPath = /bin/sh;
			shellScript = "diff \"${PODS_PODFILE_DIR_PATH}/Podfile.lock\" \"${PODS_ROOT}/Manifest.lock\" > /dev/null\nif [ $? != 0 ] ; then\n    # print error to STDERR\n    echo \"error: The sandbox is not in sync with the Podfile.lock. Run 'pod install' or update your CocoaPods installation.\" >&2\n    exit 1\nfi\n# This output is used by Xcode 'outputs' to avoid re-running this script phase.\necho \"SUCCESS\" > \"${SCRIPT_OUTPUT_FILE_0}\"\n";
			showEnvVarsInLog = 0;
		};
/* End PBXShellScriptBuildPhase section */

/* Begin PBXSourcesBuildPhase section */
		D69C3F952938DD0200EDBE29 /* Sources */ = {
			isa = PBXSourcesBuildPhase;
			buildActionMask = 2147483647;
			files = (
				D69C3FA12938DD0200EDBE29 /* ViewController.swift in Sources */,
				D69C3F9D2938DD0200EDBE29 /* AppDelegate.swift in Sources */,
				D69C3F9F2938DD0200EDBE29 /* SceneDelegate.swift in Sources */,
			);
			runOnlyForDeploymentPostprocessing = 0;
		};
		D69C3FAB2938DD0500EDBE29 /* Sources */ = {
			isa = PBXSourcesBuildPhase;
			buildActionMask = 2147483647;
			files = (
				D69C3FB42938DD0500EDBE29 /* testTests.swift in Sources */,
			);
			runOnlyForDeploymentPostprocessing = 0;
		};
		D69C3FB52938DD0500EDBE29 /* Sources */ = {
			isa = PBXSourcesBuildPhase;
			buildActionMask = 2147483647;
			files = (
				D69C3FC02938DD0500EDBE29 /* testUITestsLaunchTests.swift in Sources */,
				D69C3FBE2938DD0500EDBE29 /* testUITests.swift in Sources */,
			);
			runOnlyForDeploymentPostprocessing = 0;
		};
/* End PBXSourcesBuildPhase section */

/* Begin PBXTargetDependency section */
		D69C3FB12938DD0500EDBE29 /* PBXTargetDependency */ = {
			isa = PBXTargetDependency;
			target = D69C3F982938DD0200EDBE29 /* test */;
			targetProxy = D69C3FB02938DD0500EDBE29 /* PBXContainerItemProxy */;
		};
		D69C3FBB2938DD0500EDBE29 /* PBXTargetDependency */ = {
			isa = PBXTargetDependency;
			target = D69C3F982938DD0200EDBE29 /* test */;
			targetProxy = D69C3FBA2938DD0500EDBE29 /* PBXContainerItemProxy */;
		};
/* End PBXTargetDependency section */

/* Begin PBXVariantGroup section */
		D69C3FA22938DD0200EDBE29 /* Main.storyboard */ = {
			isa = PBXVariantGroup;
			children = (
				D69C3FA32938DD0200EDBE29 /* Base */,
			);
			name = Main.storyboard;
			sourceTree = "<group>";
		};
		D69C3FA72938DD0400EDBE29 /* LaunchScreen.storyboard */ = {
			isa = PBXVariantGroup;
			children = (
				D69C3FA82938DD0400EDBE29 /* Base */,
			);
			name = LaunchScreen.storyboard;
			sourceTree = "<group>";
		};
/* End PBXVariantGroup section */

/* Begin XCBuildConfiguration section */
		D69C3FC12938DD0500EDBE29 /* Debug */ = {
			isa = XCBuildConfiguration;
			buildSettings = {
				ALWAYS_SEARCH_USER_PATHS = NO;
				CLANG_ANALYZER_NONNULL = YES;
				CLANG_ANALYZER_NUMBER_OBJECT_CONVERSION = YES_AGGRESSIVE;
				CLANG_CXX_LANGUAGE_STANDARD = "gnu++20";
				CLANG_ENABLE_MODULES = YES;
				CLANG_ENABLE_OBJC_ARC = YES;
				CLANG_ENABLE_OBJC_WEAK = YES;
				CLANG_WARN_BLOCK_CAPTURE_AUTORELEASING = YES;
				CLANG_WARN_BOOL_CONVERSION = YES;
				CLANG_WARN_COMMA = YES;
				CLANG_WARN_CONSTANT_CONVERSION = YES;
				CLANG_WARN_DEPRECATED_OBJC_IMPLEMENTATIONS = YES;
				CLANG_WARN_DIRECT_OBJC_ISA_USAGE = YES_ERROR;
				CLANG_WARN_DOCUMENTATION_COMMENTS = YES;
				CLANG_WARN_EMPTY_BODY = YES;
				CLANG_WARN_ENUM_CONVERSION = YES;
				CLANG_WARN_INFINITE_RECURSION = YES;
				CLANG_WARN_INT_CONVERSION = YES;
				CLANG_WARN_NON_LITERAL_NULL_CONVERSION = YES;
				CLANG_WARN_OBJC_IMPLICIT_RETAIN_SELF = YES;
				CLANG_WARN_OBJC_LITERAL_CONVERSION = YES;
				CLANG_WARN_OBJC_ROOT_CLASS = YES_ERROR;
				CLANG_WARN_QUOTED_INCLUDE_IN_FRAMEWORK_HEADER = YES;
				CLANG_WARN_RANGE_LOOP_ANALYSIS = YES;
				CLANG_WARN_STRICT_PROTOTYPES = YES;
				CLANG_WARN_SUSPICIOUS_MOVE = YES;
				CLANG_WARN_UNGUARDED_AVAILABILITY = YES_AGGRESSIVE;
				CLANG_WARN_UNREACHABLE_CODE = YES;
				CLANG_WARN__DUPLICATE_METHOD_MATCH = YES;
				COPY_PHASE_STRIP = NO;
				DEBUG_INFORMATION_FORMAT = dwarf;
				ENABLE_STRICT_OBJC_MSGSEND = YES;
				ENABLE_TESTABILITY = YES;
				GCC_C_LANGUAGE_STANDARD = gnu11;
				GCC_DYNAMIC_NO_PIC = NO;
				GCC_NO_COMMON_BLOCKS = YES;
				GCC_OPTIMIZATION_LEVEL = 0;
				GCC_PREPROCESSOR_DEFINITIONS = (
					"DEBUG=1",
					"$(inherited)",
				);
				GCC_WARN_64_TO_32_BIT_CONVERSION = YES;
				GCC_WARN_ABOUT_RETURN_TYPE = YES_ERROR;
				GCC_WARN_UNDECLARED_SELECTOR = YES;
				GCC_WARN_UNINITIALIZED_AUTOS = YES_AGGRESSIVE;
				GCC_WARN_UNUSED_FUNCTION = YES;
				GCC_WARN_UNUSED_VARIABLE = YES;
				IPHONEOS_DEPLOYMENT_TARGET = 16.0;
				MTL_ENABLE_DEBUG_INFO = INCLUDE_SOURCE;
				MTL_FAST_MATH = YES;
				ONLY_ACTIVE_ARCH = YES;
				SDKROOT = iphoneos;
				SWIFT_ACTIVE_COMPILATION_CONDITIONS = DEBUG;
				SWIFT_OPTIMIZATION_LEVEL = "-Onone";
			};
			name = Debug;
		};
		D69C3FC22938DD0500EDBE29 /* Release */ = {
			isa = XCBuildConfiguration;
			buildSettings = {
				ALWAYS_SEARCH_USER_PATHS = NO;
				CLANG_ANALYZER_NONNULL = YES;
				CLANG_ANALYZER_NUMBER_OBJECT_CONVERSION = YES_AGGRESSIVE;
				CLANG_CXX_LANGUAGE_STANDARD = "gnu++20";
				CLANG_ENABLE_MODULES = YES;
				CLANG_ENABLE_OBJC_ARC = YES;
				CLANG_ENABLE_OBJC_WEAK = YES;
				CLANG_WARN_BLOCK_CAPTURE_AUTORELEASING = YES;
				CLANG_WARN_BOOL_CONVERSION = YES;
				CLANG_WARN_COMMA = YES;
				CLANG_WARN_CONSTANT_CONVERSION = YES;
				CLANG_WARN_DEPRECATED_OBJC_IMPLEMENTATIONS = YES;
				CLANG_WARN_DIRECT_OBJC_ISA_USAGE = YES_ERROR;
				CLANG_WARN_DOCUMENTATION_COMMENTS = YES;
				CLANG_WARN_EMPTY_BODY = YES;
				CLANG_WARN_ENUM_CONVERSION = YES;
				CLANG_WARN_INFINITE_RECURSION = YES;
				CLANG_WARN_INT_CONVERSION = YES;
				CLANG_WARN_NON_LITERAL_NULL_CONVERSION = YES;
				CLANG_WARN_OBJC_IMPLICIT_RETAIN_SELF = YES;
				CLANG_WARN_OBJC_LITERAL_CONVERSION = YES;
				CLANG_WARN_OBJC_ROOT_CLASS = YES_ERROR;
				CLANG_WARN_QUOTED_INCLUDE_IN_FRAMEWORK_HEADER = YES;
				CLANG_WARN_RANGE_LOOP_ANALYSIS = YES;
				CLANG_WARN_STRICT_PROTOTYPES = YES;
				CLANG_WARN_SUSPICIOUS_MOVE = YES;
				CLANG_WARN_UNGUARDED_AVAILABILITY = YES_AGGRESSIVE;
				CLANG_WARN_UNREACHABLE_CODE = YES;
				CLANG_WARN__DUPLICATE_METHOD_MATCH = YES;
				COPY_PHASE_STRIP = NO;
				DEBUG_INFORMATION_FORMAT = "dwarf-with-dsym";
				ENABLE_NS_ASSERTIONS = NO;
				ENABLE_STRICT_OBJC_MSGSEND = YES;
				GCC_C_LANGUAGE_STANDARD = gnu11;
				GCC_NO_COMMON_BLOCKS = YES;
				GCC_WARN_64_TO_32_BIT_CONVERSION = YES;
				GCC_WARN_ABOUT_RETURN_TYPE = YES_ERROR;
				GCC_WARN_UNDECLARED_SELECTOR = YES;
				GCC_WARN_UNINITIALIZED_AUTOS = YES_AGGRESSIVE;
				GCC_WARN_UNUSED_FUNCTION = YES;
				GCC_WARN_UNUSED_VARIABLE = YES;
				IPHONEOS_DEPLOYMENT_TARGET = 16.0;
				MTL_ENABLE_DEBUG_INFO = NO;
				MTL_FAST_MATH = YES;
				SDKROOT = iphoneos;
				SWIFT_COMPILATION_MODE = wholemodule;
				SWIFT_OPTIMIZATION_LEVEL = "-O";
				VALIDATE_PRODUCT = YES;
			};
			name = Release;
		};
		D69C3FC42938DD0500EDBE29 /* Debug */ = {
			isa = XCBuildConfiguration;
			baseConfigurationReference = B376FD89FC8FBEB6C129EB4F /* Pods-test.debug.xcconfig */;
			buildSettings = {
				ASSETCATALOG_COMPILER_APPICON_NAME = AppIcon;
				ASSETCATALOG_COMPILER_GLOBAL_ACCENT_COLOR_NAME = AccentColor;
				CODE_SIGN_STYLE = Automatic;
				CURRENT_PROJECT_VERSION = 1;
				GENERATE_INFOPLIST_FILE = YES;
				INFOPLIST_FILE = test/Info.plist;
				INFOPLIST_KEY_UIApplicationSupportsIndirectInputEvents = YES;
				INFOPLIST_KEY_UILaunchStoryboardName = LaunchScreen;
				INFOPLIST_KEY_UIMainStoryboardFile = Main;
				INFOPLIST_KEY_UISupportedInterfaceOrientations_iPad = "UIInterfaceOrientationPortrait UIInterfaceOrientationPortraitUpsideDown UIInterfaceOrientationLandscapeLeft UIInterfaceOrientationLandscapeRight";
				INFOPLIST_KEY_UISupportedInterfaceOrientations_iPhone = "UIInterfaceOrientationPortrait UIInterfaceOrientationLandscapeLeft UIInterfaceOrientationLandscapeRight";
				LD_RUNPATH_SEARCH_PATHS = (
					"$(inherited)",
					"@executable_path/Frameworks",
				);
				MARKETING_VERSION = 1.0;
				PRODUCT_BUNDLE_IDENTIFIER = "com.ios-janki.test";
				PRODUCT_NAME = "$(TARGET_NAME)";
				SWIFT_EMIT_LOC_STRINGS = YES;
				SWIFT_VERSION = 5.0;
				TARGETED_DEVICE_FAMILY = "1,2";
			};
			name = Debug;
		};
		D69C3FC52938DD0500EDBE29 /* Release */ = {
			isa = XCBuildConfiguration;
			baseConfigurationReference = 656B6682FD1D31C8FBA062A7 /* Pods-test.release.xcconfig */;
			buildSettings = {
				ASSETCATALOG_COMPILER_APPICON_NAME = AppIcon;
				ASSETCATALOG_COMPILER_GLOBAL_ACCENT_COLOR_NAME = AccentColor;
				CODE_SIGN_STYLE = Automatic;
				CURRENT_PROJECT_VERSION = 1;
				GENERATE_INFOPLIST_FILE = YES;
				INFOPLIST_FILE = test/Info.plist;
				INFOPLIST_KEY_UIApplicationSupportsIndirectInputEvents = YES;
				INFOPLIST_KEY_UILaunchStoryboardName = LaunchScreen;
				INFOPLIST_KEY_UIMainStoryboardFile = Main;
				INFOPLIST_KEY_UISupportedInterfaceOrientations_iPad = "UIInterfaceOrientationPortrait UIInterfaceOrientationPortraitUpsideDown UIInterfaceOrientationLandscapeLeft UIInterfaceOrientationLandscapeRight";
				INFOPLIST_KEY_UISupportedInterfaceOrientations_iPhone = "UIInterfaceOrientationPortrait UIInterfaceOrientationLandscapeLeft UIInterfaceOrientationLandscapeRight";
				LD_RUNPATH_SEARCH_PATHS = (
					"$(inherited)",
					"@executable_path/Frameworks",
				);
				MARKETING_VERSION = 1.0;
				PRODUCT_BUNDLE_IDENTIFIER = "com.ios-janki.test";
				PRODUCT_NAME = "$(TARGET_NAME)";
				SWIFT_EMIT_LOC_STRINGS = YES;
				SWIFT_VERSION = 5.0;
				TARGETED_DEVICE_FAMILY = "1,2";
			};
			name = Release;
		};
		D69C3FC72938DD0500EDBE29 /* Debug */ = {
			isa = XCBuildConfiguration;
			baseConfigurationReference = 9672341548444DB83139B6B6 /* Pods-testTests.debug.xcconfig */;
			buildSettings = {
				ALWAYS_EMBED_SWIFT_STANDARD_LIBRARIES = YES;
				BUNDLE_LOADER = "$(TEST_HOST)";
				CODE_SIGN_STYLE = Automatic;
				CURRENT_PROJECT_VERSION = 1;
				GENERATE_INFOPLIST_FILE = YES;
				IPHONEOS_DEPLOYMENT_TARGET = 16.0;
				MARKETING_VERSION = 1.0;
				PRODUCT_BUNDLE_IDENTIFIER = "com.ios-janki.testTests";
				PRODUCT_NAME = "$(TARGET_NAME)";
				SWIFT_EMIT_LOC_STRINGS = NO;
				SWIFT_VERSION = 5.0;
				TARGETED_DEVICE_FAMILY = "1,2";
				TEST_HOST = "$(BUILT_PRODUCTS_DIR)/test.app/$(BUNDLE_EXECUTABLE_FOLDER_PATH)/test";
			};
			name = Debug;
		};
		D69C3FC82938DD0500EDBE29 /* Release */ = {
			isa = XCBuildConfiguration;
			baseConfigurationReference = 16CDF03F211E84DD51B88FE5 /* Pods-testTests.release.xcconfig */;
			buildSettings = {
				ALWAYS_EMBED_SWIFT_STANDARD_LIBRARIES = YES;
				BUNDLE_LOADER = "$(TEST_HOST)";
				CODE_SIGN_STYLE = Automatic;
				CURRENT_PROJECT_VERSION = 1;
				GENERATE_INFOPLIST_FILE = YES;
				IPHONEOS_DEPLOYMENT_TARGET = 16.0;
				MARKETING_VERSION = 1.0;
				PRODUCT_BUNDLE_IDENTIFIER = "com.ios-janki.testTests";
				PRODUCT_NAME = "$(TARGET_NAME)";
				SWIFT_EMIT_LOC_STRINGS = NO;
				SWIFT_VERSION = 5.0;
				TARGETED_DEVICE_FAMILY = "1,2";
				TEST_HOST = "$(BUILT_PRODUCTS_DIR)/test.app/$(BUNDLE_EXECUTABLE_FOLDER_PATH)/test";
			};
			name = Release;
		};
		D69C3FCA2938DD0500EDBE29 /* Debug */ = {
			isa = XCBuildConfiguration;
			baseConfigurationReference = 677FAAD5B7B5130867822F4A /* Pods-test-testUITests.debug.xcconfig */;
			buildSettings = {
				ALWAYS_EMBED_SWIFT_STANDARD_LIBRARIES = YES;
				CODE_SIGN_STYLE = Automatic;
				CURRENT_PROJECT_VERSION = 1;
				GENERATE_INFOPLIST_FILE = YES;
				MARKETING_VERSION = 1.0;
				PRODUCT_BUNDLE_IDENTIFIER = "com.ios-janki.testUITests";
				PRODUCT_NAME = "$(TARGET_NAME)";
				SWIFT_EMIT_LOC_STRINGS = NO;
				SWIFT_VERSION = 5.0;
				TARGETED_DEVICE_FAMILY = "1,2";
				TEST_TARGET_NAME = test;
			};
			name = Debug;
		};
		D69C3FCB2938DD0500EDBE29 /* Release */ = {
			isa = XCBuildConfiguration;
			baseConfigurationReference = E05686652CE030AE0FFED3ED /* Pods-test-testUITests.release.xcconfig */;
			buildSettings = {
				ALWAYS_EMBED_SWIFT_STANDARD_LIBRARIES = YES;
				CODE_SIGN_STYLE = Automatic;
				CURRENT_PROJECT_VERSION = 1;
				GENERATE_INFOPLIST_FILE = YES;
				MARKETING_VERSION = 1.0;
				PRODUCT_BUNDLE_IDENTIFIER = "com.ios-janki.testUITests";
				PRODUCT_NAME = "$(TARGET_NAME)";
				SWIFT_EMIT_LOC_STRINGS = NO;
				SWIFT_VERSION = 5.0;
				TARGETED_DEVICE_FAMILY = "1,2";
				TEST_TARGET_NAME = test;
			};
			name = Release;
		};
/* End XCBuildConfiguration section */

/* Begin XCConfigurationList section */
		D69C3F942938DD0200EDBE29 /* Build configuration list for PBXProject "test" */ = {
			isa = XCConfigurationList;
			buildConfigurations = (
				D69C3FC12938DD0500EDBE29 /* Debug */,
				D69C3FC22938DD0500EDBE29 /* Release */,
			);
			defaultConfigurationIsVisible = 0;
			defaultConfigurationName = Release;
		};
		D69C3FC32938DD0500EDBE29 /* Build configuration list for PBXNativeTarget "test" */ = {
			isa = XCConfigurationList;
			buildConfigurations = (
				D69C3FC42938DD0500EDBE29 /* Debug */,
				D69C3FC52938DD0500EDBE29 /* Release */,
			);
			defaultConfigurationIsVisible = 0;
			defaultConfigurationName = Release;
		};
		D69C3FC62938DD0500EDBE29 /* Build configuration list for PBXNativeTarget "testTests" */ = {
			isa = XCConfigurationList;
			buildConfigurations = (
				D69C3FC72938DD0500EDBE29 /* Debug */,
				D69C3FC82938DD0500EDBE29 /* Release */,
			);
			defaultConfigurationIsVisible = 0;
			defaultConfigurationName = Release;
		};
		D69C3FC92938DD0500EDBE29 /* Build configuration list for PBXNativeTarget "testUITests" */ = {
			isa = XCConfigurationList;
			buildConfigurations = (
				D69C3FCA2938DD0500EDBE29 /* Debug */,
				D69C3FCB2938DD0500EDBE29 /* Release */,
			);
			defaultConfigurationIsVisible = 0;
			defaultConfigurationName = Release;
		};
/* End XCConfigurationList section */
	};
	rootObject = D69C3F912938DD0200EDBE29 /* Project object */;
}
