PODS:
  - Alamofire (5.6.2)
  - SDWebImage (5.14.1):
    - SDWebImage/Core (= 5.14.1)
  - SDWebImage/Core (5.14.1)

DEPENDENCIES:
  - Alamofire
  - SDWebImage

SPEC REPOS:
  trunk:
    - Alamofire
    - SDWebImage

SPEC CHECKSUMS:
  Alamofire: d368e1ff8a298e6dde360e35a3e68e6c610e7204
  SDWebImage: e1b3c38f170c6100130fce6856e423ed9e5f4fce

PODFILE CHECKSUM: bb5a3c5fcbc8f140f188755b79d09fb6d57a1bf1

COCOAPODS: 1.11.3
